{
  "name": "N0va Desktop Convert File",
  "version": "1.0.1",
  "lockfileVersion": 2,
  "requires": true,
  "packages": {
    "": {
      "name": "N0va Desktop Convert File",
      "version": "1.0.1",
      "license": "ISC",
      "dependencies": {
        "ascii-table": "^0.0.9",
        "base64-img": "^1.0.4",
        "chalk": "^4.1.2",
        "gradient-string": "^2.0.1",
        "node-os-utils": "^1.3.7",
        "node-win-dialog": "^1.0.3",
        "path": "^0.12.7"
      }
    },
    "node_modules/@types/tinycolor2": {
      "version": "1.4.3",
      "resolved": "https://registry.npmjs.org/@types/tinycolor2/-/tinycolor2-1.4.3.tgz",
      "integrity": "sha512-Kf1w9NE5HEgGxCRyIcRXR/ZYtDv0V8FVPtYHwLxl0O+maGX0erE77pQlD0gpP+/KByMZ87mOA79SjifhSB3PjQ=="
    },
    "node_modules/ajax-request": {
      "version": "1.2.3",
      "resolved": "https://registry.npmjs.org/ajax-request/-/ajax-request-1.2.3.tgz",
      "integrity": "sha512-1o4a9TxDmET7NmU8eIeIsV8t1SD7dooKT7wVFgoKDJC++zljg0vLhcPsoBA3Za2bD5A5LJJBMlGoglsTHa517w==",
      "dependencies": {
        "file-system": "^2.1.1",
        "utils-extend": "^1.0.7"
      }
    },
    "node_modules/ansi-styles": {
      "version": "4.3.0",
      "resolved": "https://registry.npmjs.org/ansi-styles/-/ansi-styles-4.3.0.tgz",
      "integrity": "sha512-zbB9rCJAT1rbjiVDb2hqKFHNYLxgtk8NURxZ3IZwD3F6NtxbXZQCnnSi1Lkx+IDohdPlFp222wVALIheZJQSEg==",
      "dependencies": {
        "color-convert": "^2.0.1"
      },
      "engines": {
        "node": ">=8"
      },
      "funding": {
        "url": "https://github.com/chalk/ansi-styles?sponsor=1"
      }
    },
    "node_modules/ascii-table": {
      "version": "0.0.9",
      "resolved": "https://registry.npmjs.org/ascii-table/-/ascii-table-0.0.9.tgz",
      "integrity": "sha512-xpkr6sCDIYTPqzvjG8M3ncw1YOTaloWZOyrUmicoEifBEKzQzt+ooUpRpQ/AbOoJfO/p2ZKiyp79qHThzJDulQ=="
    },
    "node_modules/base64-img": {
      "version": "1.0.4",
      "resolved": "https://registry.npmjs.org/base64-img/-/base64-img-1.0.4.tgz",
      "integrity": "sha512-5RVat9C4bkht6kf4nrQy5gDhiLPs6Iq2sptiR8C6DV0yQ+oeo+oydDFEUgbBAW2yTwQNkthtOlAPG50gjUHaTA==",
      "dependencies": {
        "ajax-request": "^1.2.0",
        "file-system": "^2.1.0"
      }
    },
    "node_modules/chalk": {
      "version": "4.1.2",
      "resolved": "https://registry.npmjs.org/chalk/-/chalk-4.1.2.tgz",
      "integrity": "sha512-oKnbhFyRIXpUuez8iBMmyEa4nbj4IOQyuhc/wy9kY7/WVPcwIO9VA668Pu8RkO7+0G76SLROeyw9CpQ061i4mA==",
      "dependencies": {
        "ansi-styles": "^4.1.0",
        "supports-color": "^7.1.0"
      },
      "engines": {
        "node": ">=10"
      },
      "funding": {
        "url": "https://github.com/chalk/chalk?sponsor=1"
      }
    },
    "node_modules/color-convert": {
      "version": "2.0.1",
      "resolved": "https://registry.npmjs.org/color-convert/-/color-convert-2.0.1.tgz",
      "integrity": "sha512-RRECPsj7iu/xb5oKYcsFHSppFNnsj/52OVTRKb4zP5onXwVF3zVmmToNcOfGC+CRDpfK/U584fMg38ZHCaElKQ==",
      "dependencies": {
        "color-name": "~1.1.4"
      },
      "engines": {
        "node": ">=7.0.0"
      }
    },
    "node_modules/color-name": {
      "version": "1.1.4",
      "resolved": "https://registry.npmjs.org/color-name/-/color-name-1.1.4.tgz",
      "integrity": "sha512-dOy+3AuW3a2wNbZHIuMZpTcgjGuLU/uBL/ubcZF9OXbDo8ff4O8yVp5Bf0efS8uEoYo5q4Fx7dY9OgQGXgAsQA=="
    },
    "node_modules/file-match": {
      "version": "1.0.2",
      "resolved": "https://registry.npmjs.org/file-match/-/file-match-1.0.2.tgz",
      "integrity": "sha512-g9p6bZV3HlSUM35QPvFWiP/PckDVe5jLPDhx6PfMuy06o+htesJTyDu7zRdXnOm3BY8pXmxb+QY5qIcsoWMGNg==",
      "dependencies": {
        "utils-extend": "^1.0.6"
      }
    },
    "node_modules/file-system": {
      "version": "2.2.2",
      "resolved": "https://registry.npmjs.org/file-system/-/file-system-2.2.2.tgz",
      "integrity": "sha512-YgbXEVCu21CfmoeJ1rFLVLPGhW9o7iCzVFqk7ydy2TxF7rXH2YB68CFgDXLOvTD2pMLtg8paVqurzVjxGRdYmw==",
      "dependencies": {
        "file-match": "^1.0.1",
        "utils-extend": "^1.0.4"
      }
    },
    "node_modules/gradient-string": {
      "version": "2.0.1",
      "resolved": "https://registry.npmjs.org/gradient-string/-/gradient-string-2.0.1.tgz",
      "integrity": "sha512-+xDOYR2fMa4QHGysTgyQsl8g16mcAKqvvsKI014qYP2XVf1SWUPlD8KhdBJPUM8AVwDUB+ls0NFkqRzAB5URkA==",
      "dependencies": {
        "chalk": "^4.1.2",
        "tinygradient": "^1.1.5"
      },
      "engines": {
        "node": ">=10"
      }
    },
    "node_modules/has-flag": {
      "version": "4.0.0",
      "resolved": "https://registry.npmjs.org/has-flag/-/has-flag-4.0.0.tgz",
      "integrity": "sha512-EykJT/Q1KjTWctppgIAgfSO0tKVuZUjhgMr17kqTumMl6Afv3EISleU7qZUzoXDFTAHTDC4NOoG/ZxU3EvlMPQ==",
      "engines": {
        "node": ">=8"
      }
    },
    "node_modules/inherits": {
      "version": "2.0.3",
      "resolved": "https://registry.npmjs.org/inherits/-/inherits-2.0.3.tgz",
      "integrity": "sha512-x00IRNXNy63jwGkJmzPigoySHbaqpNuzKbBOmzK+g2OdZpQ9w+sxCN+VSB3ja7IAge2OP2qpfxTjeNcyjmW1uw=="
    },
    "node_modules/node-os-utils": {
      "version": "1.3.7",
      "resolved": "https://registry.npmjs.org/node-os-utils/-/node-os-utils-1.3.7.tgz",
      "integrity": "sha512-fvnX9tZbR7WfCG5BAy3yO/nCLyjVWD6MghEq0z5FDfN+ZXpLWNITBdbifxQkQ25ebr16G0N7eRWJisOcMEHG3Q=="
    },
    "node_modules/node-win-dialog": {
      "version": "1.0.3",
      "resolved": "https://registry.npmjs.org/node-win-dialog/-/node-win-dialog-1.0.3.tgz",
      "integrity": "sha512-CsxKUorjPELj4jfuS9P0LHnwphp14iCkfU8SbN+pOh+j7G/yka9TD37A5t0HZNJ4a0dymwh/p50samWlV8y4Iw==",
      "dependencies": {
        "path": "^0.12.7"
      }
    },
    "node_modules/path": {
      "version": "0.12.7",
      "resolved": "https://registry.npmjs.org/path/-/path-0.12.7.tgz",
      "integrity": "sha512-aXXC6s+1w7otVF9UletFkFcDsJeO7lSZBPUQhtb5O0xJe8LtYhj/GxldoL09bBj9+ZmE2hNoHqQSFMN5fikh4Q==",
      "dependencies": {
        "process": "^0.11.1",
        "util": "^0.10.3"
      }
    },
    "node_modules/process": {
      "version": "0.11.10",
      "resolved": "https://registry.npmjs.org/process/-/process-0.11.10.tgz",
      "integrity": "sha512-cdGef/drWFoydD1JsMzuFf8100nZl+GT+yacc2bEced5f9Rjk4z+WtFUTBu9PhOi9j/jfmBPu0mMEY4wIdAF8A==",
      "engines": {
        "node": ">= 0.6.0"
      }
    },
    "node_modules/supports-color": {
      "version": "7.2.0",
      "resolved": "https://registry.npmjs.org/supports-color/-/supports-color-7.2.0.tgz",
      "integrity": "sha512-qpCAvRl9stuOHveKsn7HncJRvv501qIacKzQlO/+Lwxc9+0q2wLyv4Dfvt80/DPn2pqOBsJdDiogXGR9+OvwRw==",
      "dependencies": {
        "has-flag": "^4.0.0"
      },
      "engines": {
        "node": ">=8"
      }
    },
    "node_modules/tinycolor2": {
      "version": "1.4.2",
      "resolved": "https://registry.npmjs.org/tinycolor2/-/tinycolor2-1.4.2.tgz",
      "integrity": "sha512-vJhccZPs965sV/L2sU4oRQVAos0pQXwsvTLkWYdqJ+a8Q5kPFzJTuOFwy7UniPli44NKQGAglksjvOcpo95aZA==",
      "engines": {
        "node": "*"
      }
    },
    "node_modules/tinygradient": {
      "version": "1.1.5",
      "resolved": "https://registry.npmjs.org/tinygradient/-/tinygradient-1.1.5.tgz",
      "integrity": "sha512-8nIfc2vgQ4TeLnk2lFj4tRLvvJwEfQuabdsmvDdQPT0xlk9TaNtpGd6nNRxXoK6vQhN6RSzj+Cnp5tTQmpxmbw==",
      "dependencies": {
        "@types/tinycolor2": "^1.4.0",
        "tinycolor2": "^1.0.0"
      }
    },
    "node_modules/util": {
      "version": "0.10.4",
      "resolved": "https://registry.npmjs.org/util/-/util-0.10.4.tgz",
      "integrity": "sha512-0Pm9hTQ3se5ll1XihRic3FDIku70C+iHUdT/W926rSgHV5QgXsYbKZN8MSC3tJtSkhuROzvsQjAaFENRXr+19A==",
      "dependencies": {
        "inherits": "2.0.3"
      }
    },
    "node_modules/utils-extend": {
      "version": "1.0.8",
      "resolved": "https://registry.npmjs.org/utils-extend/-/utils-extend-1.0.8.tgz",
      "integrity": "sha512-+VzQieEAijyCFGqnGAWIy7Em1dFGdgf1w+orKwmTWHyaGL19aw9Oq5e5ZZaxgcS777AkPYEsbgWqpz5E6KniPg=="
    }
  },
  "dependencies": {
    "@types/tinycolor2": {
      "version": "1.4.3",
      "resolved": "https://registry.npmjs.org/@types/tinycolor2/-/tinycolor2-1.4.3.tgz",
      "integrity": "sha512-Kf1w9NE5HEgGxCRyIcRXR/ZYtDv0V8FVPtYHwLxl0O+maGX0erE77pQlD0gpP+/KByMZ87mOA79SjifhSB3PjQ=="
    },
    "ajax-request": {
      "version": "1.2.3",
      "resolved": "https://registry.npmjs.org/ajax-request/-/ajax-request-1.2.3.tgz",
      "integrity": "sha512-1o4a9TxDmET7NmU8eIeIsV8t1SD7dooKT7wVFgoKDJC++zljg0vLhcPsoBA3Za2bD5A5LJJBMlGoglsTHa517w==",
      "requires": {
        "file-system": "^2.1.1",
        "utils-extend": "^1.0.7"
      }
    },
    "ansi-styles": {
      "version": "4.3.0",
      "resolved": "https://registry.npmjs.org/ansi-styles/-/ansi-styles-4.3.0.tgz",
      "integrity": "sha512-zbB9rCJAT1rbjiVDb2hqKFHNYLxgtk8NURxZ3IZwD3F6NtxbXZQCnnSi1Lkx+IDohdPlFp222wVALIheZJQSEg==",
      "requires": {
        "color-convert": "^2.0.1"
      }
    },
    "ascii-table": {
      "version": "0.0.9",
      "resolved": "https://registry.npmjs.org/ascii-table/-/ascii-table-0.0.9.tgz",
      "integrity": "sha512-xpkr6sCDIYTPqzvjG8M3ncw1YOTaloWZOyrUmicoEifBEKzQzt+ooUpRpQ/AbOoJfO/p2ZKiyp79qHThzJDulQ=="
    },
    "base64-img": {
      "version": "1.0.4",
      "resolved": "https://registry.npmjs.org/base64-img/-/base64-img-1.0.4.tgz",
      "integrity": "sha512-5RVat9C4bkht6kf4nrQy5gDhiLPs6Iq2sptiR8C6DV0yQ+oeo+oydDFEUgbBAW2yTwQNkthtOlAPG50gjUHaTA==",
      "requires": {
        "ajax-request": "^1.2.0",
        "file-system": "^2.1.0"
      }
    },
    "chalk": {
      "version": "4.1.2",
      "resolved": "https://registry.npmjs.org/chalk/-/chalk-4.1.2.tgz",
      "integrity": "sha512-oKnbhFyRIXpUuez8iBMmyEa4nbj4IOQyuhc/wy9kY7/WVPcwIO9VA668Pu8RkO7+0G76SLROeyw9CpQ061i4mA==",
      "requires": {
        "ansi-styles": "^4.1.0",
        "supports-color": "^7.1.0"
      }
    },
    "color-convert": {
      "version": "2.0.1",
      "resolved": "https://registry.npmjs.org/color-convert/-/color-convert-2.0.1.tgz",
      "integrity": "sha512-RRECPsj7iu/xb5oKYcsFHSppFNnsj/52OVTRKb4zP5onXwVF3zVmmToNcOfGC+CRDpfK/U584fMg38ZHCaElKQ==",
      "requires": {
        "color-name": "~1.1.4"
      }
    },
    "color-name": {
      "version": "1.1.4",
      "resolved": "https://registry.npmjs.org/color-name/-/color-name-1.1.4.tgz",
      "integrity": "sha512-dOy+3AuW3a2wNbZHIuMZpTcgjGuLU/uBL/ubcZF9OXbDo8ff4O8yVp5Bf0efS8uEoYo5q4Fx7dY9OgQGXgAsQA=="
    },
    "file-match": {
      "version": "1.0.2",
      "resolved": "https://registry.npmjs.org/file-match/-/file-match-1.0.2.tgz",
      "integrity": "sha512-g9p6bZV3HlSUM35QPvFWiP/PckDVe5jLPDhx6PfMuy06o+htesJTyDu7zRdXnOm3BY8pXmxb+QY5qIcsoWMGNg==",
      "requires": {
        "utils-extend": "^1.0.6"
      }
    },
    "file-system": {
      "version": "2.2.2",
      "resolved": "https://registry.npmjs.org/file-system/-/file-system-2.2.2.tgz",
      "integrity": "sha512-YgbXEVCu21CfmoeJ1rFLVLPGhW9o7iCzVFqk7ydy2TxF7rXH2YB68CFgDXLOvTD2pMLtg8paVqurzVjxGRdYmw==",
      "requires": {
        "file-match": "^1.0.1",
        "utils-extend": "^1.0.4"
      }
    },
    "gradient-string": {
      "version": "2.0.1",
      "resolved": "https://registry.npmjs.org/gradient-string/-/gradient-string-2.0.1.tgz",
      "integrity": "sha512-+xDOYR2fMa4QHGysTgyQsl8g16mcAKqvvsKI014qYP2XVf1SWUPlD8KhdBJPUM8AVwDUB+ls0NFkqRzAB5URkA==",
      "requires": {
        "chalk": "^4.1.2",
        "tinygradient": "^1.1.5"
      }
    },
    "has-flag": {
      "version": "4.0.0",
      "resolved": "https://registry.npmjs.org/has-flag/-/has-flag-4.0.0.tgz",
      "integrity": "sha512-EykJT/Q1KjTWctppgIAgfSO0tKVuZUjhgMr17kqTumMl6Afv3EISleU7qZUzoXDFTAHTDC4NOoG/ZxU3EvlMPQ=="
    },
    "inherits": {
      "version": "2.0.3",
      "resolved": "https://registry.npmjs.org/inherits/-/inherits-2.0.3.tgz",
      "integrity": "sha512-x00IRNXNy63jwGkJmzPigoySHbaqpNuzKbBOmzK+g2OdZpQ9w+sxCN+VSB3ja7IAge2OP2qpfxTjeNcyjmW1uw=="
    },
    "node-os-utils": {
      "version": "1.3.7",
      "resolved": "https://registry.npmjs.org/node-os-utils/-/node-os-utils-1.3.7.tgz",
      "integrity": "sha512-fvnX9tZbR7WfCG5BAy3yO/nCLyjVWD6MghEq0z5FDfN+ZXpLWNITBdbifxQkQ25ebr16G0N7eRWJisOcMEHG3Q=="
    },
    "node-win-dialog": {
      "version": "1.0.3",
      "resolved": "https://registry.npmjs.org/node-win-dialog/-/node-win-dialog-1.0.3.tgz",
      "integrity": "sha512-CsxKUorjPELj4jfuS9P0LHnwphp14iCkfU8SbN+pOh+j7G/yka9TD37A5t0HZNJ4a0dymwh/p50samWlV8y4Iw==",
      "requires": {
        "path": "^0.12.7"
      }
    },
    "path": {
      "version": "0.12.7",
      "resolved": "https://registry.npmjs.org/path/-/path-0.12.7.tgz",
      "integrity": "sha512-aXXC6s+1w7otVF9UletFkFcDsJeO7lSZBPUQhtb5O0xJe8LtYhj/GxldoL09bBj9+ZmE2hNoHqQSFMN5fikh4Q==",
      "requires": {
        "process": "^0.11.1",
        "util": "^0.10.3"
      }
    },
    "process": {
      "version": "0.11.10",
      "resolved": "https://registry.npmjs.org/process/-/process-0.11.10.tgz",
      "integrity": "sha512-cdGef/drWFoydD1JsMzuFf8100nZl+GT+yacc2bEced5f9Rjk4z+WtFUTBu9PhOi9j/jfmBPu0mMEY4wIdAF8A=="
    },
    "supports-color": {
      "version": "7.2.0",
      "resolved": "https://registry.npmjs.org/supports-color/-/supports-color-7.2.0.tgz",
      "integrity": "sha512-qpCAvRl9stuOHveKsn7HncJRvv501qIacKzQlO/+Lwxc9+0q2wLyv4Dfvt80/DPn2pqOBsJdDiogXGR9+OvwRw==",
      "requires": {
        "has-flag": "^4.0.0"
      }
    },
    "tinycolor2": {
      "version": "1.4.2",
      "resolved": "https://registry.npmjs.org/tinycolor2/-/tinycolor2-1.4.2.tgz",
      "integrity": "sha512-vJhccZPs965sV/L2sU4oRQVAos0pQXwsvTLkWYdqJ+a8Q5kPFzJTuOFwy7UniPli44NKQGAglksjvOcpo95aZA=="
    },
    "tinygradient": {
      "version": "1.1.5",
      "resolved": "https://registry.npmjs.org/tinygradient/-/tinygradient-1.1.5.tgz",
      "integrity": "sha512-8nIfc2vgQ4TeLnk2lFj4tRLvvJwEfQuabdsmvDdQPT0xlk9TaNtpGd6nNRxXoK6vQhN6RSzj+Cnp5tTQmpxmbw==",
      "requires": {
        "@types/tinycolor2": "^1.4.0",
        "tinycolor2": "^1.0.0"
      }
    },
    "util": {
      "version": "0.10.4",
      "resolved": "https://registry.npmjs.org/util/-/util-0.10.4.tgz",
      "integrity": "sha512-0Pm9hTQ3se5ll1XihRic3FDIku70C+iHUdT/W926rSgHV5QgXsYbKZN8MSC3tJtSkhuROzvsQjAaFENRXr+19A==",
      "requires": {
        "inherits": "2.0.3"
      }
    },
    "utils-extend": {
      "version": "1.0.8",
      "resolved": "https://registry.npmjs.org/utils-extend/-/utils-extend-1.0.8.tgz",
      "integrity": "sha512-+VzQieEAijyCFGqnGAWIy7Em1dFGdgf1w+orKwmTWHyaGL19aw9Oq5e5ZZaxgcS777AkPYEsbgWqpz5E6KniPg=="
    }
  }
}
